
Microsoft Visual Studio Solution File, Format Version 12.00
# Visual Studio Version 17
VisualStudioVersion = 17.11.35312.102
MinimumVisualStudioVersion = 10.0.40219.1
Project("{9A19103F-16F7-4668-BE54-9A1E7A4F7556}") = "LBWalksAPI", "LBWalksAPI\LBWalksAPI.csproj", "{A58186E3-4C02-47B1-A016-5FC2AAEF0262}"
EndProject
Project("{FAE04EC0-301F-11D3-BF4B-00C04F79EFBC}") = "LBWalks.UI", "LBWalks.UI\LBWalks.UI.csproj", "{762FD049-105B-4550-9581-FD289995E12E}"
EndProject
Global
	GlobalSection(SolutionConfigurationPlatforms) = preSolution
		Debug|Any CPU = Debug|Any CPU
		Release|Any CPU = Release|Any CPU
	EndGlobalSection
	GlobalSection(ProjectConfigurationPlatforms) = postSolution
		{A58186E3-4C02-47B1-A016-5FC2AAEF0262}.Debug|Any CPU.ActiveCfg = Debug|Any CPU
		{A58186E3-4C02-47B1-A016-5FC2AAEF0262}.Debug|Any CPU.Build.0 = Debug|Any CPU
		{A58186E3-4C02-47B1-A016-5FC2AAEF0262}.Release|Any CPU.ActiveCfg = Release|Any CPU
		{A58186E3-4C02-47B1-A016-5FC2AAEF0262}.Release|Any CPU.Build.0 = Release|Any CPU
		{762FD049-105B-4550-9581-FD289995E12E}.Debug|Any CPU.ActiveCfg = Debug|Any CPU
		{762FD049-105B-4550-9581-FD289995E12E}.Debug|Any CPU.Build.0 = Debug|Any CPU
		{762FD049-105B-4550-9581-FD289995E12E}.Release|Any CPU.ActiveCfg = Release|Any CPU
		{762FD049-105B-4550-9581-FD289995E12E}.Release|Any CPU.Build.0 = Release|Any CPU
	EndGlobalSection
	GlobalSection(SolutionProperties) = preSolution
		HideSolutionNode = FALSE
	EndGlobalSection
	GlobalSection(ExtensibilityGlobals) = postSolution
		SolutionGuid = {6ADDA680-0F3C-43AD-836B-F21404CB2473}
	EndGlobalSection
EndGlobal
